
Microsoft Visual Studio Solution File, Format Version 12.00
# Visual Studio Version 17
VisualStudioVersion = 17.0.31903.59
MinimumVisualStudioVersion = 10.0.40219.1
Project("{9A19103F-16F7-4668-BE54-9A1E7A4F7556}") = "erpkmx", "erpkmx\erpkmx.csproj", "{B0034EA2-93FE-4857-93CA-10AF26F360A6}"
EndProject
Project("{9A19103F-16F7-4668-BE54-9A1E7A4F7556}") = "DataLibrary", "DataLibrary\DataLibrary.csproj", "{CA653F39-DB3C-4521-B4AA-1DED19BA1B00}"
EndProject
Global
	GlobalSection(SolutionConfigurationPlatforms) = preSolution
		Debug|Any CPU = Debug|Any CPU
		Release|Any CPU = Release|Any CPU
	EndGlobalSection
	GlobalSection(ProjectConfigurationPlatforms) = postSolution
		{B0034EA2-93FE-4857-93CA-10AF26F360A6}.Debug|Any CPU.ActiveCfg = Debug|Any CPU
		{B0034EA2-93FE-4857-93CA-10AF26F360A6}.Debug|Any CPU.Build.0 = Debug|Any CPU
		{B0034EA2-93FE-4857-93CA-10AF26F360A6}.Release|Any CPU.ActiveCfg = Release|Any CPU
		{B0034EA2-93FE-4857-93CA-10AF26F360A6}.Release|Any CPU.Build.0 = Release|Any CPU
		{CA653F39-DB3C-4521-B4AA-1DED19BA1B00}.Debug|Any CPU.ActiveCfg = Debug|Any CPU
		{CA653F39-DB3C-4521-B4AA-1DED19BA1B00}.Debug|Any CPU.Build.0 = Debug|Any CPU
		{CA653F39-DB3C-4521-B4AA-1DED19BA1B00}.Release|Any CPU.ActiveCfg = Release|Any CPU
		{CA653F39-DB3C-4521-B4AA-1DED19BA1B00}.Release|Any CPU.Build.0 = Release|Any CPU
	EndGlobalSection
	GlobalSection(SolutionProperties) = preSolution
		HideSolutionNode = FALSE
	EndGlobalSection
	GlobalSection(ExtensibilityGlobals) = postSolution
		SolutionGuid = {F2B24920-2666-428D-8285-A2DF6BC5D9F5}
	EndGlobalSection
EndGlobal
